
Microsoft Visual Studio Solution File, Format Version 12.00
# Visual Studio Version 17
VisualStudioVersion = 17.10.35027.167
MinimumVisualStudioVersion = 10.0.40219.1
Project("{FAE04EC0-301F-11D3-BF4B-00C04F79EFBC}") = "OOP's", "OOP's\OOP's.csproj", "{18DA1F66-AF8D-4D24-97B0-32F1808EEAA5}"
EndProject
Global
	GlobalSection(SolutionConfigurationPlatforms) = preSolution
		Debug|Any CPU = Debug|Any CPU
		Release|Any CPU = Release|Any CPU
	EndGlobalSection
	GlobalSection(ProjectConfigurationPlatforms) = postSolution
		{18DA1F66-AF8D-4D24-97B0-32F1808EEAA5}.Debug|Any CPU.ActiveCfg = Debug|Any CPU
		{18DA1F66-AF8D-4D24-97B0-32F1808EEAA5}.Debug|Any CPU.Build.0 = Debug|Any CPU
		{18DA1F66-AF8D-4D24-97B0-32F1808EEAA5}.Release|Any CPU.ActiveCfg = Release|Any CPU
		{18DA1F66-AF8D-4D24-97B0-32F1808EEAA5}.Release|Any CPU.Build.0 = Release|Any CPU
	EndGlobalSection
	GlobalSection(SolutionProperties) = preSolution
		HideSolutionNode = FALSE
	EndGlobalSection
	GlobalSection(ExtensibilityGlobals) = postSolution
		SolutionGuid = {CEB0B65F-BF7F-4B7D-BE51-3A986BD9DDBB}
	EndGlobalSection
EndGlobal
